# @generated - this file is auto-generated by `mise lock` https://mise.jdx.dev/dev-tools/mise-lock.html

lockfile_version = 3

[[tools.helm]]
version = "3.16.2"
backend = "aqua:helm/helm"
specifiers = ["3.16.2"]

[tools.helm."platforms.linux-arm64"]
checksum = "sha256:1888301aeb7d08a03b6d9f4d2b73dcd09b89c41577e80e3455c113629fc657a4"
url = "https://get.helm.sh/helm-v3.16.2-linux-arm64.tar.gz"

[tools.helm."platforms.linux-arm64-musl"]
checksum = "sha256:1888301aeb7d08a03b6d9f4d2b73dcd09b89c41577e80e3455c113629fc657a4"
url = "https://get.helm.sh/helm-v3.16.2-linux-arm64.tar.gz"

[tools.helm."platforms.linux-x64"]
checksum = "sha256:9318379b847e333460d33d291d4c088156299a26cd93d570a7f5d0c36e50b5bb"
url = "https://get.helm.sh/helm-v3.16.2-linux-amd64.tar.gz"

[tools.helm."platforms.linux-x64-musl"]
checksum = "sha256:9318379b847e333460d33d291d4c088156299a26cd93d570a7f5d0c36e50b5bb"
url = "https://get.helm.sh/helm-v3.16.2-linux-amd64.tar.gz"

[tools.helm."platforms.macos-arm64"]
checksum = "sha256:56413c7fbb496d2789881039cab61d849727c7b35db00826fae7a2685a403344"
url = "https://get.helm.sh/helm-v3.16.2-darwin-arm64.tar.gz"

[tools.helm."platforms.macos-x64"]
checksum = "sha256:33efd48492f2358a49a231873e8baf41f702b5ab059333ae9c31e5517633c16e"
url = "https://get.helm.sh/helm-v3.16.2-darwin-amd64.tar.gz"

[tools.helm."platforms.windows-x64"]
checksum = "sha256:6168b97c4b89a1b0827d9decd3fcfe55b87108a29847580a8ee2407630e6a83c"
url = "https://get.helm.sh/helm-v3.16.2-windows-amd64.tar.gz"

[[tools.helmfile]]
version = "1.8.1"
backend = "packslip:github.com/helmfile/helmfile"
specifiers = ["1.8.1"]

[tools.helmfile."platforms.linux-arm64"]
checksum = "sha256:2217788de9fb42cd0b3d84f1ee99c63617e19dea7af4995a59e45e4952c86ec4"
url = "https://github.com/helmfile/helmfile/releases/download/v1.8.1/helmfile_1.8.1_linux_arm64.tar.gz"
signer = "sigstore-oidc:https://github.com/helmfile/helmfile/.github/workflows/releaser.yaml"

[tools.helmfile."platforms.linux-arm64-musl"]
checksum = "sha256:2217788de9fb42cd0b3d84f1ee99c63617e19dea7af4995a59e45e4952c86ec4"
url = "https://github.com/helmfile/helmfile/releases/download/v1.8.1/helmfile_1.8.1_linux_arm64.tar.gz"
signer = "sigstore-oidc:https://github.com/helmfile/helmfile/.github/workflows/releaser.yaml"

[tools.helmfile."platforms.linux-x64"]
checksum = "sha256:ccabbe75dddbc25008d055fe92a44f95a184342211e7244d32b870409239c7a3"
url = "https://github.com/helmfile/helmfile/releases/download/v1.8.1/helmfile_1.8.1_linux_amd64.tar.gz"
signer = "sigstore-oidc:https://github.com/helmfile/helmfile/.github/workflows/releaser.yaml"

[tools.helmfile."platforms.linux-x64-musl"]
checksum = "sha256:ccabbe75dddbc25008d055fe92a44f95a184342211e7244d32b870409239c7a3"
url = "https://github.com/helmfile/helmfile/releases/download/v1.8.1/helmfile_1.8.1_linux_amd64.tar.gz"
signer = "sigstore-oidc:https://github.com/helmfile/helmfile/.github/workflows/releaser.yaml"

[tools.helmfile."platforms.macos-arm64"]
checksum = "sha256:62a6b086bdd7a934ff4a36d4974446d7271566b88db200b3956053a9b388fed8"
url = "https://github.com/helmfile/helmfile/releases/download/v1.8.1/helmfile_1.8.1_darwin_arm64.tar.gz"
signer = "sigstore-oidc:https://github.com/helmfile/helmfile/.github/workflows/releaser.yaml"

[tools.helmfile."platforms.macos-x64"]
checksum = "sha256:b7a44505f1cf09e8e42db4e5914d46bd6f3abae95d226d16ea182d56954eb3bd"
url = "https://github.com/helmfile/helmfile/releases/download/v1.8.1/helmfile_1.8.1_darwin_amd64.tar.gz"
signer = "sigstore-oidc:https://github.com/helmfile/helmfile/.github/workflows/releaser.yaml"

[tools.helmfile."platforms.windows-x64"]
checksum = "sha256:7ade732368fcc4bb7c0bb75df8b9b3ac542a4ae79ba2a63352f96099b4a86546"
url = "https://github.com/helmfile/helmfile/releases/download/v1.8.1/helmfile_1.8.1_windows_amd64.tar.gz"
signer = "sigstore-oidc:https://github.com/helmfile/helmfile/.github/workflows/releaser.yaml"
